Microsoft Visual Studio Solution File, Format Version 12.00
# Visual Studio Version 17
VisualStudioVersion = 17.0.31903.59
MinimumVisualStudioVersion = 10.0.40219.1
Project("{FAE04EC0-301F-11D3-BF4B-00C04F79EFBC}") = "IntcoEdge.Common", "src\IntcoEdge.Common\IntcoEdge.Common.csproj", "{8A7F1B01-7A1C-4D1B-9E1B-111111111111}"
EndProject
Project("{FAE04EC0-301F-11D3-BF4B-00C04F79EFBC}") = "IntcoEdge.Storage", "src\IntcoEdge.Storage\IntcoEdge.Storage.csproj", "{8A7F1B01-7A1C-4D1B-9E1B-222222222222}"
EndProject
Project("{FAE04EC0-301F-11D3-BF4B-00C04F79EFBC}") = "IntcoEdge.MesUpload", "src\IntcoEdge.MesUpload\IntcoEdge.MesUpload.csproj", "{8A7F1B01-7A1C-4D1B-9E1B-333333333333}"
EndProject
Project("{FAE04EC0-301F-11D3-BF4B-00C04F79EFBC}") = "IntcoEdge.EdgeHost", "src\IntcoEdge.EdgeHost\IntcoEdge.EdgeHost.csproj", "{8A7F1B01-7A1C-4D1B-9E1B-444444444444}"
EndProject
Global
	GlobalSection(SolutionConfigurationPlatforms) = preSolution
		Debug|Any CPU = Debug|Any CPU
		Release|Any CPU = Release|Any CPU
	EndGlobalSection
	GlobalSection(ProjectConfigurationPlatforms) = postSolution
		{8A7F1B01-7A1C-4D1B-9E1B-111111111111}.Debug|Any CPU.ActiveCfg = Debug|Any CPU
		{8A7F1B01-7A1C-4D1B-9E1B-111111111111}.Debug|Any CPU.Build.0 = Debug|Any CPU
		{8A7F1B01-7A1C-4D1B-9E1B-111111111111}.Release|Any CPU.ActiveCfg = Release|Any CPU
		{8A7F1B01-7A1C-4D1B-9E1B-111111111111}.Release|Any CPU.Build.0 = Release|Any CPU
		{8A7F1B01-7A1C-4D1B-9E1B-222222222222}.Debug|Any CPU.ActiveCfg = Debug|Any CPU
		{8A7F1B01-7A1C-4D1B-9E1B-222222222222}.Debug|Any CPU.Build.0 = Debug|Any CPU
		{8A7F1B01-7A1C-4D1B-9E1B-222222222222}.Release|Any CPU.ActiveCfg = Release|Any CPU
		{8A7F1B01-7A1C-4D1B-9E1B-222222222222}.Release|Any CPU.Build.0 = Release|Any CPU
		{8A7F1B01-7A1C-4D1B-9E1B-333333333333}.Debug|Any CPU.ActiveCfg = Debug|Any CPU
		{8A7F1B01-7A1C-4D1B-9E1B-333333333333}.Debug|Any CPU.Build.0 = Debug|Any CPU
		{8A7F1B01-7A1C-4D1B-9E1B-333333333333}.Release|Any CPU.ActiveCfg = Release|Any CPU
		{8A7F1B01-7A1C-4D1B-9E1B-333333333333}.Release|Any CPU.Build.0 = Release|Any CPU
		{8A7F1B01-7A1C-4D1B-9E1B-444444444444}.Debug|Any CPU.ActiveCfg = Debug|Any CPU
		{8A7F1B01-7A1C-4D1B-9E1B-444444444444}.Debug|Any CPU.Build.0 = Debug|Any CPU
		{8A7F1B01-7A1C-4D1B-9E1B-444444444444}.Release|Any CPU.ActiveCfg = Release|Any CPU
		{8A7F1B01-7A1C-4D1B-9E1B-444444444444}.Release|Any CPU.Build.0 = Release|Any CPU
	EndGlobalSection
	GlobalSection(SolutionProperties) = preSolution
		HideSolutionNode = FALSE
	EndGlobalSection
EndGlobal